{
  "name": "react-native-app-intro",
  "version": "1.1.5",
  "lockfileVersion": 1,
  "requires": true,
  "dependencies": {
    "assign-deep": {
      "version": "0.4.7",
      "resolved": "https://registry.npmjs.org/assign-deep/-/assign-deep-0.4.7.tgz",
      "integrity": "sha512-tYlXoIH6RM2rclkx9uLXDKPKrDGsnxoWHE2J5+9tq2StAXeAAo8hLPZtOqwt22p8r6H5hnMgd8Oz8qPJl3W31g==",
      "requires": {
        "assign-symbols": "0.1.1",
        "is-primitive": "2.0.0",
        "kind-of": "5.1.0"
      }
    },
    "assign-symbols": {
      "version": "0.1.1",
      "resolved": "https://registry.npmjs.org/assign-symbols/-/assign-symbols-0.1.1.tgz",
      "integrity": "sha1-ywJZRO9OyKNpPwhunhEsdOOg/tk="
    },
    "is-primitive": {
      "version": "2.0.0",
      "resolved": "https://registry.npmjs.org/is-primitive/-/is-primitive-2.0.0.tgz",
      "integrity": "sha1-IHurkWOEmcB7Kt8kCkGochADRXU="
    },
    "kind-of": {
      "version": "5.1.0",
      "resolved": "https://registry.npmjs.org/kind-of/-/kind-of-5.1.0.tgz",
      "integrity": "sha512-NGEErnH6F2vUuXDh+OlbcKW7/wOcfdRHaZ7VWtqCztfHri/++YKmP51OdWeGPuqCOba6kk2OTe5d02VmTB80Pw=="
    },
    "react-native-swiper": {
      "version": "git+https://github.com/cvquant/react-native-swiper.git#daa87214d531b27506e31ef77cf456ed68de8e53",
      "requires": {
        "react-timer-mixin": "0.13.3"
      }
    },
    "react-timer-mixin": {
      "version": "0.13.3",
      "resolved": "https://registry.npmjs.org/react-timer-mixin/-/react-timer-mixin-0.13.3.tgz",
      "integrity": "sha1-Dai5+AfsB9w+hU0ILHN8ZWBbPSI="
    }
  }
}
